
Microsoft Visual Studio Solution File, Format Version 12.00
# Visual Studio Version 16
VisualStudioVersion = 16.0.810.11
MinimumVisualStudioVersion = 10.0.40219.1
Project("{FAE04EC0-301F-11D3-BF4B-00C04F79EFBC}") = "PhoneticAlphabet", "PhoneticAlphabet\PhoneticAlphabet.csproj", "{E30FE33C-1975-4E83-A94A-05AA3CB779AF}"
EndProject
Global
	GlobalSection(SolutionConfigurationPlatforms) = preSolution
		Debug|Any CPU = Debug|Any CPU
		Release|Any CPU = Release|Any CPU
	EndGlobalSection
	GlobalSection(ProjectConfigurationPlatforms) = postSolution
		{E30FE33C-1975-4E83-A94A-05AA3CB779AF}.Debug|Any CPU.ActiveCfg = Debug|Any CPU
		{E30FE33C-1975-4E83-A94A-05AA3CB779AF}.Debug|Any CPU.Build.0 = Debug|Any CPU
		{E30FE33C-1975-4E83-A94A-05AA3CB779AF}.Release|Any CPU.ActiveCfg = Release|Any CPU
		{E30FE33C-1975-4E83-A94A-05AA3CB779AF}.Release|Any CPU.Build.0 = Release|Any CPU
	EndGlobalSection
	GlobalSection(SolutionProperties) = preSolution
		HideSolutionNode = FALSE
	EndGlobalSection
	GlobalSection(ExtensibilityGlobals) = postSolution
		SolutionGuid = {CAC1F885-384D-4A99-BDF5-7AAB4611C4E4}
	EndGlobalSection
EndGlobal
